
Microsoft Visual Studio Solution File, Format Version 12.00
# Visual Studio Version 16
VisualStudioVersion = 16.0.30621.155
MinimumVisualStudioVersion = 10.0.40219.1
Project("{FAE04EC0-301F-11D3-BF4B-00C04F79EFBC}") = "Calculator", "Calculator\Calculator.csproj", "{3DFB02F8-F3B6-4A84-89C9-EF97EEF35BBE}"
EndProject
Global
	GlobalSection(SolutionConfigurationPlatforms) = preSolution
		Debug|Any CPU = Debug|Any CPU
		Release|Any CPU = Release|Any CPU
	EndGlobalSection
	GlobalSection(ProjectConfigurationPlatforms) = postSolution
		{3DFB02F8-F3B6-4A84-89C9-EF97EEF35BBE}.Debug|Any CPU.ActiveCfg = Debug|Any CPU
		{3DFB02F8-F3B6-4A84-89C9-EF97EEF35BBE}.Debug|Any CPU.Build.0 = Debug|Any CPU
		{3DFB02F8-F3B6-4A84-89C9-EF97EEF35BBE}.Release|Any CPU.ActiveCfg = Release|Any CPU
		{3DFB02F8-F3B6-4A84-89C9-EF97EEF35BBE}.Release|Any CPU.Build.0 = Release|Any CPU
	EndGlobalSection
	GlobalSection(SolutionProperties) = preSolution
		HideSolutionNode = FALSE
	EndGlobalSection
	GlobalSection(ExtensibilityGlobals) = postSolution
		SolutionGuid = {99639C0A-D398-4BFC-B0F5-7E2DA0480708}
	EndGlobalSection
EndGlobal
